
Microsoft Visual Studio Solution File, Format Version 12.00
# Visual Studio 15
VisualStudioVersion = 15.0.27428.2037
MinimumVisualStudioVersion = 10.0.40219.1
Project("{FAE04EC0-301F-11D3-BF4B-00C04F79EFBC}") = "RemixMe.IdentityApi", "RemixMe.IdentityApi\RemixMe.IdentityApi.csproj", "{F7425335-6507-4D40-85F5-55BEBC2D569B}"
EndProject
Project("{2150E333-8FDC-42A3-9474-1A3956D46DE8}") = "Solution Items", "Solution Items", "{39A8DF4F-474F-44AC-A080-B6EE91821CDF}"
	ProjectSection(SolutionItems) = preProject
		LICENSE.txt = LICENSE.txt
	EndProjectSection
EndProject
Global
	GlobalSection(SolutionConfigurationPlatforms) = preSolution
		Debug|Any CPU = Debug|Any CPU
		Release|Any CPU = Release|Any CPU
	EndGlobalSection
	GlobalSection(ProjectConfigurationPlatforms) = postSolution
		{F7425335-6507-4D40-85F5-55BEBC2D569B}.Debug|Any CPU.ActiveCfg = Debug|Any CPU
		{F7425335-6507-4D40-85F5-55BEBC2D569B}.Debug|Any CPU.Build.0 = Debug|Any CPU
		{F7425335-6507-4D40-85F5-55BEBC2D569B}.Release|Any CPU.ActiveCfg = Release|Any CPU
		{F7425335-6507-4D40-85F5-55BEBC2D569B}.Release|Any CPU.Build.0 = Release|Any CPU
	EndGlobalSection
	GlobalSection(SolutionProperties) = preSolution
		HideSolutionNode = FALSE
	EndGlobalSection
	GlobalSection(ExtensibilityGlobals) = postSolution
		SolutionGuid = {64C5CD57-302A-412F-A090-84AAFF76EE1B}
	EndGlobalSection
EndGlobal
